schema: '2.0'
stages:
  preprocess:
    cmd: python preprocess.py
    deps:
    - path: data/raw_avis/control1_stack.avi
      hash: md5
      md5: 7dc956e7b0f64afa4bc02711169e002b
      size: 4535220
    - path: data/raw_avis/control2_stack.avi
      hash: md5
      md5: 46df8a81a529dfd983b2483e907c47c1
      size: 4535220
    - path: preprocess.py
      hash: md5
      md5: 9744a97845d2c976f432e7b61acaa236
      size: 1306
    outs:
    - path: data/preprocessed/control1_stack_normalized.npy
      hash: md5
      md5: 5ae12ef3bc03c7db1d67b7f609ebe574
      size: 53621696
    - path: data/preprocessed/control2_stack_normalized.npy
      hash: md5
      md5: 2f276e1e314a22c424886932889c9179
      size: 53621696
  train:
    cmd: python train.py
    deps:
    - path: data/split/train_data.npy
      hash: md5
      md5: aaa6f7cbc8c198d2f188d55a74a5677a
      size: 84900944
    - path: data/split/val_data.npy
      hash: md5
      md5: fdd44e8adab719415638d9dae33a9b5a
      size: 22342448
    - path: train.py
      hash: md5
      md5: 399822daf9b4d0f0a39723baa500cd94
      size: 590
  analyze:
    cmd: python analyze_data.py
    deps:
    - path: analyze_data.py
      hash: md5
      md5: 695674e29246aaef533ca74be9f4c9b8
      size: 3158
    - path: data/split/train_data.npy
      hash: md5
      md5: aaa6f7cbc8c198d2f188d55a74a5677a
      size: 84900944
    - path: data/split/val_data.npy
      hash: md5
      md5: fdd44e8adab719415638d9dae33a9b5a
      size: 22342448
    outs:
    - path: analysis_results/data_info.json
      hash: md5
      md5: f90ea040a2ba99727bdda4bb7523ab1e
      size: 672
    - path: analysis_results/intensity_distribution.png
      hash: md5
      md5: 56b3480e4a35a765a8e2decf37272d17
      size: 77238
    - path: analysis_results/random_frames.png
      hash: md5
      md5: 42f374c10e7d1ef298420646c37f3145
      size: 293247
  split_data:
    cmd: python split_data.py
    deps:
    - path: data/preprocessed/control1_stack_normalized.npy
      hash: md5
      md5: 5ae12ef3bc03c7db1d67b7f609ebe574
      size: 53621696
    - path: data/preprocessed/control2_stack_normalized.npy
      hash: md5
      md5: 2f276e1e314a22c424886932889c9179
      size: 53621696
    - path: split_data.py
      hash: md5
      md5: 2a5847d56dceafd27aa4c44b97e6dd8d
      size: 2799
    outs:
    - path: data/split/split_info.json
      hash: md5
      md5: d8409d2bad35988fb18bf5d610cb1fe9
      size: 314
    - path: data/split/train_data.npy
      hash: md5
      md5: aaa6f7cbc8c198d2f188d55a74a5677a
      size: 84900944
    - path: data/split/val_data.npy
      hash: md5
      md5: fdd44e8adab719415638d9dae33a9b5a
      size: 22342448
